
Microsoft Visual Studio Solution File, Format Version 12.00
# Visual Studio Version 17
VisualStudioVersion = 17.3.32922.545
MinimumVisualStudioVersion = 10.0.40219.1
Project("{FAE04EC0-301F-11D3-BF4B-00C04F79EFBC}") = "LoaderIoVerificator", "src\LoaderIoVerificator\LoaderIoVerificator.csproj", "{1D0301FB-4147-4265-B21E-C66898899489}"
EndProject
Project("{2150E333-8FDC-42A3-9474-1A3956D46DE8}") = "Solution Items", "Solution Items", "{1F9D30F8-2957-4820-A755-0F84D390C5CE}"
	ProjectSection(SolutionItems) = preProject
		LICENSE = LICENSE
		README.md = README.md
	EndProjectSection
EndProject
Global
	GlobalSection(SolutionConfigurationPlatforms) = preSolution
		Debug|Any CPU = Debug|Any CPU
		Release|Any CPU = Release|Any CPU
	EndGlobalSection
	GlobalSection(ProjectConfigurationPlatforms) = postSolution
		{1D0301FB-4147-4265-B21E-C66898899489}.Debug|Any CPU.ActiveCfg = Debug|Any CPU
		{1D0301FB-4147-4265-B21E-C66898899489}.Debug|Any CPU.Build.0 = Debug|Any CPU
		{1D0301FB-4147-4265-B21E-C66898899489}.Release|Any CPU.ActiveCfg = Release|Any CPU
		{1D0301FB-4147-4265-B21E-C66898899489}.Release|Any CPU.Build.0 = Release|Any CPU
	EndGlobalSection
	GlobalSection(SolutionProperties) = preSolution
		HideSolutionNode = FALSE
	EndGlobalSection
	GlobalSection(ExtensibilityGlobals) = postSolution
		SolutionGuid = {E0BE2479-F4C2-4155-A852-796150EDB802}
	EndGlobalSection
EndGlobal
